// !$*UTF8*$!
{
	archiveVersion = 1;
	classes = {
	};
	objectVersion = 46;
	objects = {

/* Begin PBXBuildFile section */
		5C2D2D871D8A5CCA00295E36 /* JYNetwork.swift in Sources */ = {isa = PBXBuildFile; fileRef = 5C2D2D861D8A5CCA00295E36 /* JYNetwork.swift */; };
		5C2D2D891D8A61AC00295E36 /* Status.swift in Sources */ = {isa = PBXBuildFile; fileRef = 5C2D2D881D8A61AC00295E36 /* Status.swift */; };
		5C2D2D8B1D8A624300295E36 /* Data+Extension.swift in Sources */ = {isa = PBXBuildFile; fileRef = 5C2D2D8A1D8A624300295E36 /* Data+Extension.swift */; };
		5C2D2D8D1D8A744C00295E36 /* JYStattuesListViewModel.swift in Sources */ = {isa = PBXBuildFile; fileRef = 5C2D2D8C1D8A744C00295E36 /* JYStattuesListViewModel.swift */; };
		5C2D2D8F1D8A993B00295E36 /* User.swift in Sources */ = {isa = PBXBuildFile; fileRef = 5C2D2D8E1D8A993B00295E36 /* User.swift */; };
		5CDA1B0D1D87A82A0039E748 /* AppDelegate.swift in Sources */ = {isa = PBXBuildFile; fileRef = 5CDA1B0C1D87A82A0039E748 /* AppDelegate.swift */; };
		5CDA1B0F1D87A82A0039E748 /* ViewController.swift in Sources */ = {isa = PBXBuildFile; fileRef = 5CDA1B0E1D87A82A0039E748 /* ViewController.swift */; };
		5CDA1B121D87A82A0039E748 /* Main.storyboard in Resources */ = {isa = PBXBuildFile; fileRef = 5CDA1B101D87A82A0039E748 /* Main.storyboard */; };
		5CDA1B141D87A82A0039E748 /* Assets.xcassets in Resources */ = {isa = PBXBuildFile; fileRef = 5CDA1B131D87A82A0039E748 /* Assets.xcassets */; };
		5CDA1B171D87A82A0039E748 /* LaunchScreen.storyboard in Resources */ = {isa = PBXBuildFile; fileRef = 5CDA1B151D87A82A0039E748 /* LaunchScreen.storyboard */; };
		5CDA1B291D87BAA00039E748 /* JYBaseViewController.swift in Sources */ = {isa = PBXBuildFile; fileRef = 5CDA1B281D87BAA00039E748 /* JYBaseViewController.swift */; };
		5CDA1B2B1D87BAB90039E748 /* Main.json in Resources */ = {isa = PBXBuildFile; fileRef = 5CDA1B2A1D87BAB90039E748 /* Main.json */; };
		5CDA1B2D1D87BAE20039E748 /* JYMainController.swift in Sources */ = {isa = PBXBuildFile; fileRef = 5CDA1B2C1D87BAE20039E748 /* JYMainController.swift */; };
		5CDA1B2F1D87BB030039E748 /* JYNavigationController.swift in Sources */ = {isa = PBXBuildFile; fileRef = 5CDA1B2E1D87BB030039E748 /* JYNavigationController.swift */; };
		5CDA1B311D87BD350039E748 /* Bundle+extension.swift in Sources */ = {isa = PBXBuildFile; fileRef = 5CDA1B301D87BD350039E748 /* Bundle+extension.swift */; };
		5CDA1B331D87C0850039E748 /* HomeViewController.swift in Sources */ = {isa = PBXBuildFile; fileRef = 5CDA1B321D87C0850039E748 /* HomeViewController.swift */; };
		5CDA1B351D87C09E0039E748 /* MessageViewController.swift in Sources */ = {isa = PBXBuildFile; fileRef = 5CDA1B341D87C09E0039E748 /* MessageViewController.swift */; };
		5CDA1B371D87C0AE0039E748 /* DiscoverViewController.swift in Sources */ = {isa = PBXBuildFile; fileRef = 5CDA1B361D87C0AE0039E748 /* DiscoverViewController.swift */; };
		5CDA1B391D87C0BE0039E748 /* ProfileViewController.swift in Sources */ = {isa = PBXBuildFile; fileRef = 5CDA1B381D87C0BE0039E748 /* ProfileViewController.swift */; };
		5CFAA7D71D8A2025002D72D5 /* UIButton+Extension.swift in Sources */ = {isa = PBXBuildFile; fileRef = 5CFAA7D61D8A2025002D72D5 /* UIButton+Extension.swift */; };
		5CFAA7D91D8A2949002D72D5 /* JYDemoViewController.swift in Sources */ = {isa = PBXBuildFile; fileRef = 5CFAA7D81D8A2949002D72D5 /* JYDemoViewController.swift */; };
		5CFAA7DB1D8A2C14002D72D5 /* JYAPIHelper.swift in Sources */ = {isa = PBXBuildFile; fileRef = 5CFAA7DA1D8A2C14002D72D5 /* JYAPIHelper.swift */; };
		9A0F9B8A2DD593F155DECCC1 /* Pods_JYVVVeibo.framework in Frameworks */ = {isa = PBXBuildFile; fileRef = 83C6A48CE26E076A41039C2B /* Pods_JYVVVeibo.framework */; };
/* End PBXBuildFile section */

/* Begin PBXFileReference section */
		0DDA9B0EF93E2C50359F05C6 /* Pods-JYVVVeibo.debug.xcconfig */ = {isa = PBXFileReference; includeInIndex = 1; lastKnownFileType = text.xcconfig; name = "Pods-JYVVVeibo.debug.xcconfig"; path = "Pods/Target Support Files/Pods-JYVVVeibo/Pods-JYVVVeibo.debug.xcconfig"; sourceTree = "<group>"; };
		5C2D2D861D8A5CCA00295E36 /* JYNetwork.swift */ = {isa = PBXFileReference; fileEncoding = 4; lastKnownFileType = sourcecode.swift; path = JYNetwork.swift; sourceTree = "<group>"; };
		5C2D2D881D8A61AC00295E36 /* Status.swift */ = {isa = PBXFileReference; fileEncoding = 4; lastKnownFileType = sourcecode.swift; path = Status.swift; sourceTree = "<group>"; };
		5C2D2D8A1D8A624300295E36 /* Data+Extension.swift */ = {isa = PBXFileReference; fileEncoding = 4; lastKnownFileType = sourcecode.swift; path = "Data+Extension.swift"; sourceTree = "<group>"; };
		5C2D2D8C1D8A744C00295E36 /* JYStattuesListViewModel.swift */ = {isa = PBXFileReference; fileEncoding = 4; lastKnownFileType = sourcecode.swift; path = JYStattuesListViewModel.swift; sourceTree = "<group>"; };
		5C2D2D8E1D8A993B00295E36 /* User.swift */ = {isa = PBXFileReference; fileEncoding = 4; lastKnownFileType = sourcecode.swift; path = User.swift; sourceTree = "<group>"; };
		5CDA1B091D87A82A0039E748 /* JYVVVeibo.app */ = {isa = PBXFileReference; explicitFileType = wrapper.application; includeInIndex = 0; path = JYVVVeibo.app; sourceTree = BUILT_PRODUCTS_DIR; };
		5CDA1B0C1D87A82A0039E748 /* AppDelegate.swift */ = {isa = PBXFileReference; lastKnownFileType = sourcecode.swift; path = AppDelegate.swift; sourceTree = "<group>"; };
		5CDA1B0E1D87A82A0039E748 /* ViewController.swift */ = {isa = PBXFileReference; lastKnownFileType = sourcecode.swift; path = ViewController.swift; sourceTree = "<group>"; };
		5CDA1B111D87A82A0039E748 /* Base */ = {isa = PBXFileReference; lastKnownFileType = file.storyboard; name = Base; path = Base.lproj/Main.storyboard; sourceTree = "<group>"; };
		5CDA1B131D87A82A0039E748 /* Assets.xcassets */ = {isa = PBXFileReference; lastKnownFileType = folder.assetcatalog; path = Assets.xcassets; sourceTree = "<group>"; };
		5CDA1B161D87A82A0039E748 /* Base */ = {isa = PBXFileReference; lastKnownFileType = file.storyboard; name = Base; path = Base.lproj/LaunchScreen.storyboard; sourceTree = "<group>"; };
		5CDA1B181D87A82A0039E748 /* Info.plist */ = {isa = PBXFileReference; lastKnownFileType = text.plist.xml; path = Info.plist; sourceTree = "<group>"; };
		5CDA1B281D87BAA00039E748 /* JYBaseViewController.swift */ = {isa = PBXFileReference; fileEncoding = 4; lastKnownFileType = sourcecode.swift; path = JYBaseViewController.swift; sourceTree = "<group>"; };
		5CDA1B2A1D87BAB90039E748 /* Main.json */ = {isa = PBXFileReference; fileEncoding = 4; lastKnownFileType = text.json; path = Main.json; sourceTree = "<group>"; };
		5CDA1B2C1D87BAE20039E748 /* JYMainController.swift */ = {isa = PBXFileReference; fileEncoding = 4; lastKnownFileType = sourcecode.swift; path = JYMainController.swift; sourceTree = "<group>"; };
		5CDA1B2E1D87BB030039E748 /* JYNavigationController.swift */ = {isa = PBXFileReference; fileEncoding = 4; lastKnownFileType = sourcecode.swift; path = JYNavigationController.swift; sourceTree = "<group>"; };
		5CDA1B301D87BD350039E748 /* Bundle+extension.swift */ = {isa = PBXFileReference; fileEncoding = 4; lastKnownFileType = sourcecode.swift; path = "Bundle+extension.swift"; sourceTree = "<group>"; };
		5CDA1B321D87C0850039E748 /* HomeViewController.swift */ = {isa = PBXFileReference; fileEncoding = 4; lastKnownFileType = sourcecode.swift; path = HomeViewController.swift; sourceTree = "<group>"; };
		5CDA1B341D87C09E0039E748 /* MessageViewController.swift */ = {isa = PBXFileReference; fileEncoding = 4; lastKnownFileType = sourcecode.swift; path = MessageViewController.swift; sourceTree = "<group>"; };
		5CDA1B361D87C0AE0039E748 /* DiscoverViewController.swift */ = {isa = PBXFileReference; fileEncoding = 4; lastKnownFileType = sourcecode.swift; path = DiscoverViewController.swift; sourceTree = "<group>"; };
		5CDA1B381D87C0BE0039E748 /* ProfileViewController.swift */ = {isa = PBXFileReference; fileEncoding = 4; lastKnownFileType = sourcecode.swift; path = ProfileViewController.swift; sourceTree = "<group>"; };
		5CFAA7D61D8A2025002D72D5 /* UIButton+Extension.swift */ = {isa = PBXFileReference; fileEncoding = 4; lastKnownFileType = sourcecode.swift; path = "UIButton+Extension.swift"; sourceTree = "<group>"; };
		5CFAA7D81D8A2949002D72D5 /* JYDemoViewController.swift */ = {isa = PBXFileReference; fileEncoding = 4; lastKnownFileType = sourcecode.swift; path = JYDemoViewController.swift; sourceTree = "<group>"; };
		5CFAA7DA1D8A2C14002D72D5 /* JYAPIHelper.swift */ = {isa = PBXFileReference; fileEncoding = 4; lastKnownFileType = sourcecode.swift; path = JYAPIHelper.swift; sourceTree = "<group>"; };
		83C6A48CE26E076A41039C2B /* Pods_JYVVVeibo.framework */ = {isa = PBXFileReference; explicitFileType = wrapper.framework; includeInIndex = 0; path = Pods_JYVVVeibo.framework; sourceTree = BUILT_PRODUCTS_DIR; };
		FA4D4A39541D531A6F707D34 /* Pods-JYVVVeibo.release.xcconfig */ = {isa = PBXFileReference; includeInIndex = 1; lastKnownFileType = text.xcconfig; name = "Pods-JYVVVeibo.release.xcconfig"; path = "Pods/Target Support Files/Pods-JYVVVeibo/Pods-JYVVVeibo.release.xcconfig"; sourceTree = "<group>"; };
/* End PBXFileReference section */

/* Begin PBXFrameworksBuildPhase section */
		5CDA1B061D87A8290039E748 /* Frameworks */ = {
			isa = PBXFrameworksBuildPhase;
			buildActionMask = 2147483647;
			files = (
				9A0F9B8A2DD593F155DECCC1 /* Pods_JYVVVeibo.framework in Frameworks */,
			);
			runOnlyForDeploymentPostprocessing = 0;
		};
/* End PBXFrameworksBuildPhase section */

/* Begin PBXGroup section */
		5CDA1B001D87A8290039E748 = {
			isa = PBXGroup;
			children = (
				5CDA1B0B1D87A82A0039E748 /* JYVVVeibo */,
				5CDA1B0A1D87A82A0039E748 /* Products */,
				E90AB3A1CC5C86CF3A542478 /* Pods */,
				7043A125460B12C5C292C99C /* Frameworks */,
			);
			sourceTree = "<group>";
		};
		5CDA1B0A1D87A82A0039E748 /* Products */ = {
			isa = PBXGroup;
			children = (
				5CDA1B091D87A82A0039E748 /* JYVVVeibo.app */,
			);
			name = Products;
			sourceTree = "<group>";
		};
		5CDA1B0B1D87A82A0039E748 /* JYVVVeibo */ = {
			isa = PBXGroup;
			children = (
				5CDA1B211D87BA420039E748 /* Model */,
				5CDA1B201D87BA340039E748 /* Tools */,
				5CDA1B1F1D87BA160039E748 /* ViewModel */,
				5CDA1B1E1D87BA080039E748 /* View */,
				5CDA1B0C1D87A82A0039E748 /* AppDelegate.swift */,
				5CDA1B0E1D87A82A0039E748 /* ViewController.swift */,
				5CDA1B101D87A82A0039E748 /* Main.storyboard */,
				5CDA1B131D87A82A0039E748 /* Assets.xcassets */,
				5CDA1B151D87A82A0039E748 /* LaunchScreen.storyboard */,
				5CDA1B181D87A82A0039E748 /* Info.plist */,
			);
			path = JYVVVeibo;
			sourceTree = "<group>";
		};
		5CDA1B1E1D87BA080039E748 /* View */ = {
			isa = PBXGroup;
			children = (
				5CDA1B261D87BA680039E748 /* Discover */,
				5CDA1B251D87BA610039E748 /* Profile */,
				5CDA1B241D87BA5C0039E748 /* Main */,
				5CDA1B231D87BA550039E748 /* Message */,
				5CDA1B221D87BA4F0039E748 /* Home */,
			);
			name = View;
			sourceTree = "<group>";
		};
		5CDA1B1F1D87BA160039E748 /* ViewModel */ = {
			isa = PBXGroup;
			children = (
				5C2D2D8C1D8A744C00295E36 /* JYStattuesListViewModel.swift */,
			);
			name = ViewModel;
			sourceTree = "<group>";
		};
		5CDA1B201D87BA340039E748 /* Tools */ = {
			isa = PBXGroup;
			children = (
				5CDA1B301D87BD350039E748 /* Bundle+extension.swift */,
				5CFAA7D61D8A2025002D72D5 /* UIButton+Extension.swift */,
				5CFAA7DA1D8A2C14002D72D5 /* JYAPIHelper.swift */,
				5C2D2D861D8A5CCA00295E36 /* JYNetwork.swift */,
				5C2D2D8A1D8A624300295E36 /* Data+Extension.swift */,
			);
			name = Tools;
			sourceTree = "<group>";
		};
		5CDA1B211D87BA420039E748 /* Model */ = {
			isa = PBXGroup;
			children = (
				5C2D2D881D8A61AC00295E36 /* Status.swift */,
				5C2D2D8E1D8A993B00295E36 /* User.swift */,
			);
			name = Model;
			sourceTree = "<group>";
		};
		5CDA1B221D87BA4F0039E748 /* Home */ = {
			isa = PBXGroup;
			children = (
				5CDA1B321D87C0850039E748 /* HomeViewController.swift */,
			);
			name = Home;
			sourceTree = "<group>";
		};
		5CDA1B231D87BA550039E748 /* Message */ = {
			isa = PBXGroup;
			children = (
				5CDA1B341D87C09E0039E748 /* MessageViewController.swift */,
			);
			name = Message;
			sourceTree = "<group>";
		};
		5CDA1B241D87BA5C0039E748 /* Main */ = {
			isa = PBXGroup;
			children = (
				5CDA1B271D87BA850039E748 /* Resource */,
				5CDA1B281D87BAA00039E748 /* JYBaseViewController.swift */,
				5CDA1B2C1D87BAE20039E748 /* JYMainController.swift */,
				5CDA1B2E1D87BB030039E748 /* JYNavigationController.swift */,
				5CFAA7D81D8A2949002D72D5 /* JYDemoViewController.swift */,
			);
			name = Main;
			sourceTree = "<group>";
		};
		5CDA1B251D87BA610039E748 /* Profile */ = {
			isa = PBXGroup;
			children = (
				5CDA1B381D87C0BE0039E748 /* ProfileViewController.swift */,
			);
			name = Profile;
			sourceTree = "<group>";
		};
		5CDA1B261D87BA680039E748 /* Discover */ = {
			isa = PBXGroup;
			children = (
				5CDA1B361D87C0AE0039E748 /* DiscoverViewController.swift */,
			);
			name = Discover;
			sourceTree = "<group>";
		};
		5CDA1B271D87BA850039E748 /* Resource */ = {
			isa = PBXGroup;
			children = (
				5CDA1B2A1D87BAB90039E748 /* Main.json */,
			);
			name = Resource;
			sourceTree = "<group>";
		};
		7043A125460B12C5C292C99C /* Frameworks */ = {
			isa = PBXGroup;
			children = (
				83C6A48CE26E076A41039C2B /* Pods_JYVVVeibo.framework */,
			);
			name = Frameworks;
			sourceTree = "<group>";
		};
		E90AB3A1CC5C86CF3A542478 /* Pods */ = {
			isa = PBXGroup;
			children = (
				0DDA9B0EF93E2C50359F05C6 /* Pods-JYVVVeibo.debug.xcconfig */,
				FA4D4A39541D531A6F707D34 /* Pods-JYVVVeibo.release.xcconfig */,
			);
			name = Pods;
			sourceTree = "<group>";
		};
/* End PBXGroup section */

/* Begin PBXNativeTarget section */
		5CDA1B081D87A8290039E748 /* JYVVVeibo */ = {
			isa = PBXNativeTarget;
			buildConfigurationList = 5CDA1B1B1D87A82A0039E748 /* Build configuration list for PBXNativeTarget "JYVVVeibo" */;
			buildPhases = (
				C1712CCA7752050A0D6D28DD /* [CP] Check Pods Manifest.lock */,
				5CDA1B051D87A8290039E748 /* Sources */,
				5CDA1B061D87A8290039E748 /* Frameworks */,
				5CDA1B071D87A8290039E748 /* Resources */,
				9D9CBCFD1730865A3757F230 /* [CP] Embed Pods Frameworks */,
				B51F5FB5E61C23AF3026F675 /* [CP] Copy Pods Resources */,
			);
			buildRules = (
			);
			dependencies = (
			);
			name = JYVVVeibo;
			productName = JYVVVeibo;
			productReference = 5CDA1B091D87A82A0039E748 /* JYVVVeibo.app */;
			productType = "com.apple.product-type.application";
		};
/* End PBXNativeTarget section */

/* Begin PBXProject section */
		5CDA1B011D87A8290039E748 /* Project object */ = {
			isa = PBXProject;
			attributes = {
				LastSwiftUpdateCheck = 0800;
				LastUpgradeCheck = 0800;
				ORGANIZATIONNAME = atom;
				TargetAttributes = {
					5CDA1B081D87A8290039E748 = {
						CreatedOnToolsVersion = 8.0;
						DevelopmentTeam = JE8CSGTB5D;
						LastSwiftMigration = 0800;
						ProvisioningStyle = Automatic;
					};
				};
			};
			buildConfigurationList = 5CDA1B041D87A8290039E748 /* Build configuration list for PBXProject "JYVVVeibo" */;
			compatibilityVersion = "Xcode 3.2";
			developmentRegion = English;
			hasScannedForEncodings = 0;
			knownRegions = (
				en,
				Base,
			);
			mainGroup = 5CDA1B001D87A8290039E748;
			productRefGroup = 5CDA1B0A1D87A82A0039E748 /* Products */;
			projectDirPath = "";
			projectRoot = "";
			targets = (
				5CDA1B081D87A8290039E748 /* JYVVVeibo */,
			);
		};
/* End PBXProject section */

/* Begin PBXResourcesBuildPhase section */
		5CDA1B071D87A8290039E748 /* Resources */ = {
			isa = PBXResourcesBuildPhase;
			buildActionMask = 2147483647;
			files = (
				5CDA1B171D87A82A0039E748 /* LaunchScreen.storyboard in Resources */,
				5CDA1B141D87A82A0039E748 /* Assets.xcassets in Resources */,
				5CDA1B2B1D87BAB90039E748 /* Main.json in Resources */,
				5CDA1B121D87A82A0039E748 /* Main.storyboard in Resources */,
			);
			runOnlyForDeploymentPostprocessing = 0;
		};
/* End PBXResourcesBuildPhase section */

/* Begin PBXShellScriptBuildPhase section */
		9D9CBCFD1730865A3757F230 /* [CP] Embed Pods Frameworks */ = {
			isa = PBXShellScriptBuildPhase;
			buildActionMask = 2147483647;
			files = (
			);
			inputPaths = (
			);
			name = "[CP] Embed Pods Frameworks";
			outputPaths = (
			);
			runOnlyForDeploymentPostprocessing = 0;
			shellPath = /bin/sh;
			shellScript = "\"${SRCROOT}/Pods/Target Support Files/Pods-JYVVVeibo/Pods-JYVVVeibo-frameworks.sh\"\n";
			showEnvVarsInLog = 0;
		};
		B51F5FB5E61C23AF3026F675 /* [CP] Copy Pods Resources */ = {
			isa = PBXShellScriptBuildPhase;
			buildActionMask = 2147483647;
			files = (
			);
			inputPaths = (
			);
			name = "[CP] Copy Pods Resources";
			outputPaths = (
			);
			runOnlyForDeploymentPostprocessing = 0;
			shellPath = /bin/sh;
			shellScript = "\"${SRCROOT}/Pods/Target Support Files/Pods-JYVVVeibo/Pods-JYVVVeibo-resources.sh\"\n";
			showEnvVarsInLog = 0;
		};
		C1712CCA7752050A0D6D28DD /* [CP] Check Pods Manifest.lock */ = {
			isa = PBXShellScriptBuildPhase;
			buildActionMask = 2147483647;
			files = (
			);
			inputPaths = (
			);
			name = "[CP] Check Pods Manifest.lock";
			outputPaths = (
			);
			runOnlyForDeploymentPostprocessing = 0;
			shellPath = /bin/sh;
			shellScript = "diff \"${PODS_ROOT}/../Podfile.lock\" \"${PODS_ROOT}/Manifest.lock\" > /dev/null\nif [[ $? != 0 ]] ; then\n    cat << EOM\nerror: The sandbox is not in sync with the Podfile.lock. Run 'pod install' or update your CocoaPods installation.\nEOM\n    exit 1\nfi\n";
			showEnvVarsInLog = 0;
		};
/* End PBXShellScriptBuildPhase section */

/* Begin PBXSourcesBuildPhase section */
		5CDA1B051D87A8290039E748 /* Sources */ = {
			isa = PBXSourcesBuildPhase;
			buildActionMask = 2147483647;
			files = (
				5CFAA7D91D8A2949002D72D5 /* JYDemoViewController.swift in Sources */,
				5C2D2D8B1D8A624300295E36 /* Data+Extension.swift in Sources */,
				5CDA1B371D87C0AE0039E748 /* DiscoverViewController.swift in Sources */,
				5CDA1B2F1D87BB030039E748 /* JYNavigationController.swift in Sources */,
				5CDA1B391D87C0BE0039E748 /* ProfileViewController.swift in Sources */,
				5CFAA7D71D8A2025002D72D5 /* UIButton+Extension.swift in Sources */,
				5CDA1B311D87BD350039E748 /* Bundle+extension.swift in Sources */,
				5CDA1B351D87C09E0039E748 /* MessageViewController.swift in Sources */,
				5CDA1B0F1D87A82A0039E748 /* ViewController.swift in Sources */,
				5C2D2D8D1D8A744C00295E36 /* JYStattuesListViewModel.swift in Sources */,
				5CDA1B2D1D87BAE20039E748 /* JYMainController.swift in Sources */,
				5C2D2D871D8A5CCA00295E36 /* JYNetwork.swift in Sources */,
				5CFAA7DB1D8A2C14002D72D5 /* JYAPIHelper.swift in Sources */,
				5C2D2D891D8A61AC00295E36 /* Status.swift in Sources */,
				5C2D2D8F1D8A993B00295E36 /* User.swift in Sources */,
				5CDA1B291D87BAA00039E748 /* JYBaseViewController.swift in Sources */,
				5CDA1B331D87C0850039E748 /* HomeViewController.swift in Sources */,
				5CDA1B0D1D87A82A0039E748 /* AppDelegate.swift in Sources */,
			);
			runOnlyForDeploymentPostprocessing = 0;
		};
/* End PBXSourcesBuildPhase section */

/* Begin PBXVariantGroup section */
		5CDA1B101D87A82A0039E748 /* Main.storyboard */ = {
			isa = PBXVariantGroup;
			children = (
				5CDA1B111D87A82A0039E748 /* Base */,
			);
			name = Main.storyboard;
			sourceTree = "<group>";
		};
		5CDA1B151D87A82A0039E748 /* LaunchScreen.storyboard */ = {
			isa = PBXVariantGroup;
			children = (
				5CDA1B161D87A82A0039E748 /* Base */,
			);
			name = LaunchScreen.storyboard;
			sourceTree = "<group>";
		};
/* End PBXVariantGroup section */

/* Begin XCBuildConfiguration section */
		5CDA1B191D87A82A0039E748 /* Debug */ = {
			isa = XCBuildConfiguration;
			buildSettings = {
				ALWAYS_SEARCH_USER_PATHS = NO;
				CLANG_ANALYZER_NONNULL = YES;
				CLANG_CXX_LANGUAGE_STANDARD = "gnu++0x";
				CLANG_CXX_LIBRARY = "libc++";
				CLANG_ENABLE_MODULES = YES;
				CLANG_ENABLE_OBJC_ARC = YES;
				CLANG_WARN_BOOL_CONVERSION = YES;
				CLANG_WARN_CONSTANT_CONVERSION = YES;
				CLANG_WARN_DIRECT_OBJC_ISA_USAGE = YES_ERROR;
				CLANG_WARN_DOCUMENTATION_COMMENTS = YES;
				CLANG_WARN_EMPTY_BODY = YES;
				CLANG_WARN_ENUM_CONVERSION = YES;
				CLANG_WARN_INFINITE_RECURSION = YES;
				CLANG_WARN_INT_CONVERSION = YES;
				CLANG_WARN_OBJC_ROOT_CLASS = YES_ERROR;
				CLANG_WARN_SUSPICIOUS_MOVES = YES;
				CLANG_WARN_UNREACHABLE_CODE = YES;
				CLANG_WARN__DUPLICATE_METHOD_MATCH = YES;
				"CODE_SIGN_IDENTITY[sdk=iphoneos*]" = "iPhone Developer";
				COPY_PHASE_STRIP = NO;
				DEBUG_INFORMATION_FORMAT = dwarf;
				ENABLE_STRICT_OBJC_MSGSEND = YES;
				ENABLE_TESTABILITY = YES;
				GCC_C_LANGUAGE_STANDARD = gnu99;
				GCC_DYNAMIC_NO_PIC = NO;
				GCC_NO_COMMON_BLOCKS = YES;
				GCC_OPTIMIZATION_LEVEL = 0;
				GCC_PREPROCESSOR_DEFINITIONS = (
					"DEBUG=1",
					"$(inherited)",
				);
				GCC_WARN_64_TO_32_BIT_CONVERSION = YES;
				GCC_WARN_ABOUT_RETURN_TYPE = YES_ERROR;
				GCC_WARN_UNDECLARED_SELECTOR = YES;
				GCC_WARN_UNINITIALIZED_AUTOS = YES_AGGRESSIVE;
				GCC_WARN_UNUSED_FUNCTION = YES;
				GCC_WARN_UNUSED_VARIABLE = YES;
				IPHONEOS_DEPLOYMENT_TARGET = 10.0;
				MTL_ENABLE_DEBUG_INFO = YES;
				ONLY_ACTIVE_ARCH = YES;
				SDKROOT = iphoneos;
				SWIFT_ACTIVE_COMPILATION_CONDITIONS = DEBUG;
				SWIFT_OPTIMIZATION_LEVEL = "-Onone";
			};
			name = Debug;
		};
		5CDA1B1A1D87A82A0039E748 /* Release */ = {
			isa = XCBuildConfiguration;
			buildSettings = {
				ALWAYS_SEARCH_USER_PATHS = NO;
				CLANG_ANALYZER_NONNULL = YES;
				CLANG_CXX_LANGUAGE_STANDARD = "gnu++0x";
				CLANG_CXX_LIBRARY = "libc++";
				CLANG_ENABLE_MODULES = YES;
				CLANG_ENABLE_OBJC_ARC = YES;
				CLANG_WARN_BOOL_CONVERSION = YES;
				CLANG_WARN_CONSTANT_CONVERSION = YES;
				CLANG_WARN_DIRECT_OBJC_ISA_USAGE = YES_ERROR;
				CLANG_WARN_DOCUMENTATION_COMMENTS = YES;
				CLANG_WARN_EMPTY_BODY = YES;
				CLANG_WARN_ENUM_CONVERSION = YES;
				CLANG_WARN_INFINITE_RECURSION = YES;
				CLANG_WARN_INT_CONVERSION = YES;
				CLANG_WARN_OBJC_ROOT_CLASS = YES_ERROR;
				CLANG_WARN_SUSPICIOUS_MOVES = YES;
				CLANG_WARN_UNREACHABLE_CODE = YES;
				CLANG_WARN__DUPLICATE_METHOD_MATCH = YES;
				"CODE_SIGN_IDENTITY[sdk=iphoneos*]" = "iPhone Developer";
				COPY_PHASE_STRIP = NO;
				DEBUG_INFORMATION_FORMAT = "dwarf-with-dsym";
				ENABLE_NS_ASSERTIONS = NO;
				ENABLE_STRICT_OBJC_MSGSEND = YES;
				GCC_C_LANGUAGE_STANDARD = gnu99;
				GCC_NO_COMMON_BLOCKS = YES;
				GCC_WARN_64_TO_32_BIT_CONVERSION = YES;
				GCC_WARN_ABOUT_RETURN_TYPE = YES_ERROR;
				GCC_WARN_UNDECLARED_SELECTOR = YES;
				GCC_WARN_UNINITIALIZED_AUTOS = YES_AGGRESSIVE;
				GCC_WARN_UNUSED_FUNCTION = YES;
				GCC_WARN_UNUSED_VARIABLE = YES;
				IPHONEOS_DEPLOYMENT_TARGET = 10.0;
				MTL_ENABLE_DEBUG_INFO = NO;
				SDKROOT = iphoneos;
				SWIFT_OPTIMIZATION_LEVEL = "-Owholemodule";
				VALIDATE_PRODUCT = YES;
			};
			name = Release;
		};
		5CDA1B1C1D87A82A0039E748 /* Debug */ = {
			isa = XCBuildConfiguration;
			baseConfigurationReference = 0DDA9B0EF93E2C50359F05C6 /* Pods-JYVVVeibo.debug.xcconfig */;
			buildSettings = {
				ASSETCATALOG_COMPILER_APPICON_NAME = AppIcon;
				DEVELOPMENT_TEAM = JE8CSGTB5D;
				INFOPLIST_FILE = JYVVVeibo/Info.plist;
				LD_RUNPATH_SEARCH_PATHS = "$(inherited) @executable_path/Frameworks";
				PRODUCT_BUNDLE_IDENTIFIER = io.yin.JYVVVeibo;
				PRODUCT_NAME = "$(TARGET_NAME)";
				SWIFT_VERSION = 3.0;
			};
			name = Debug;
		};
		5CDA1B1D1D87A82A0039E748 /* Release */ = {
			isa = XCBuildConfiguration;
			baseConfigurationReference = FA4D4A39541D531A6F707D34 /* Pods-JYVVVeibo.release.xcconfig */;
			buildSettings = {
				ASSETCATALOG_COMPILER_APPICON_NAME = AppIcon;
				DEVELOPMENT_TEAM = JE8CSGTB5D;
				INFOPLIST_FILE = JYVVVeibo/Info.plist;
				LD_RUNPATH_SEARCH_PATHS = "$(inherited) @executable_path/Frameworks";
				PRODUCT_BUNDLE_IDENTIFIER = io.yin.JYVVVeibo;
				PRODUCT_NAME = "$(TARGET_NAME)";
				SWIFT_VERSION = 3.0;
			};
			name = Release;
		};
/* End XCBuildConfiguration section */

/* Begin XCConfigurationList section */
		5CDA1B041D87A8290039E748 /* Build configuration list for PBXProject "JYVVVeibo" */ = {
			isa = XCConfigurationList;
			buildConfigurations = (
				5CDA1B191D87A82A0039E748 /* Debug */,
				5CDA1B1A1D87A82A0039E748 /* Release */,
			);
			defaultConfigurationIsVisible = 0;
			defaultConfigurationName = Release;
		};
		5CDA1B1B1D87A82A0039E748 /* Build configuration list for PBXNativeTarget "JYVVVeibo" */ = {
			isa = XCConfigurationList;
			buildConfigurations = (
				5CDA1B1C1D87A82A0039E748 /* Debug */,
				5CDA1B1D1D87A82A0039E748 /* Release */,
			);
			defaultConfigurationIsVisible = 0;
			defaultConfigurationName = Release;
		};
/* End XCConfigurationList section */
	};
	rootObject = 5CDA1B011D87A8290039E748 /* Project object */;
}
